// !$*UTF8*$!
{
	archiveVersion = 1;
	classes = {
	};
	objectVersion = 56;
	objects = {

/* Begin PBXBuildFile section */
		96579DBE2B1E214300564527 /* BubbleSort.swift in Sources */ = {isa = PBXBuildFile; fileRef = 96579DBD2B1E214300564527 /* BubbleSort.swift */; };
		96579DC02B1E215000564527 /* SelectionSort.swift in Sources */ = {isa = PBXBuildFile; fileRef = 96579DBF2B1E215000564527 /* SelectionSort.swift */; };
		96579DC22B1E215B00564527 /* InsertionSort.swift in Sources */ = {isa = PBXBuildFile; fileRef = 96579DC12B1E215B00564527 /* InsertionSort.swift */; };
		96579DC52B1E227A00564527 /* BubbleSortTests.swift in Sources */ = {isa = PBXBuildFile; fileRef = 96579DC42B1E227A00564527 /* BubbleSortTests.swift */; };
		C4DF2C622AEE2D96008B2EA9 /* QueueStack.swift in Sources */ = {isa = PBXBuildFile; fileRef = C4DF2C612AEE2D96008B2EA9 /* QueueStack.swift */; };
		C4E3A4CA2AEA2B1400175230 /* DataStructureAndAlgorithms.docc in Sources */ = {isa = PBXBuildFile; fileRef = C4E3A4C92AEA2B1400175230 /* DataStructureAndAlgorithms.docc */; };
		C4E3A4D02AEA2B1500175230 /* DataStructureAndAlgorithms.framework in Frameworks */ = {isa = PBXBuildFile; fileRef = C4E3A4C52AEA2B1400175230 /* DataStructureAndAlgorithms.framework */; };
		C4E3A4D52AEA2B1500175230 /* DataStructureAndAlgorithmsTests.swift in Sources */ = {isa = PBXBuildFile; fileRef = C4E3A4D42AEA2B1500175230 /* DataStructureAndAlgorithmsTests.swift */; };
		C4E3A4D62AEA2B1500175230 /* DataStructureAndAlgorithms.h in Headers */ = {isa = PBXBuildFile; fileRef = C4E3A4C82AEA2B1400175230 /* DataStructureAndAlgorithms.h */; settings = {ATTRIBUTES = (Public, ); }; };
		C4E3A4E02AEA2B4B00175230 /* Stack.swift in Sources */ = {isa = PBXBuildFile; fileRef = C4E3A4DF2AEA2B4B00175230 /* Stack.swift */; };
		C4E3A4E22AEAB9B300175230 /* StackTests.swift in Sources */ = {isa = PBXBuildFile; fileRef = C4E3A4E12AEAB9B300175230 /* StackTests.swift */; };
		C4E3A4E42AEAD65700175230 /* ChallengeTests.swift in Sources */ = {isa = PBXBuildFile; fileRef = C4E3A4E32AEAD65700175230 /* ChallengeTests.swift */; };
		C4EA94192AEE13700093D775 /* Queue.swift in Sources */ = {isa = PBXBuildFile; fileRef = C4EA94182AEE13700093D775 /* Queue.swift */; };
		C4EA941B2AEE1DD70093D775 /* QueueTests.swift in Sources */ = {isa = PBXBuildFile; fileRef = C4EA941A2AEE1DD70093D775 /* QueueTests.swift */; };
/* End PBXBuildFile section */

/* Begin PBXContainerItemProxy section */
		C4E3A4D12AEA2B1500175230 /* PBXContainerItemProxy */ = {
			isa = PBXContainerItemProxy;
			containerPortal = C4E3A4BC2AEA2B1400175230 /* Project object */;
			proxyType = 1;
			remoteGlobalIDString = C4E3A4C42AEA2B1400175230;
			remoteInfo = DataStructureAndAlgorithms;
		};
/* End PBXContainerItemProxy section */

/* Begin PBXFileReference section */
		96579DBD2B1E214300564527 /* BubbleSort.swift */ = {isa = PBXFileReference; lastKnownFileType = sourcecode.swift; path = BubbleSort.swift; sourceTree = "<group>"; };
		96579DBF2B1E215000564527 /* SelectionSort.swift */ = {isa = PBXFileReference; lastKnownFileType = sourcecode.swift; path = SelectionSort.swift; sourceTree = "<group>"; };
		96579DC12B1E215B00564527 /* InsertionSort.swift */ = {isa = PBXFileReference; lastKnownFileType = sourcecode.swift; path = InsertionSort.swift; sourceTree = "<group>"; };
		96579DC42B1E227A00564527 /* BubbleSortTests.swift */ = {isa = PBXFileReference; lastKnownFileType = sourcecode.swift; path = BubbleSortTests.swift; sourceTree = "<group>"; };
		C4DF2C612AEE2D96008B2EA9 /* QueueStack.swift */ = {isa = PBXFileReference; lastKnownFileType = sourcecode.swift; path = QueueStack.swift; sourceTree = "<group>"; };
		C4E3A4C52AEA2B1400175230 /* DataStructureAndAlgorithms.framework */ = {isa = PBXFileReference; explicitFileType = wrapper.framework; includeInIndex = 0; path = DataStructureAndAlgorithms.framework; sourceTree = BUILT_PRODUCTS_DIR; };
		C4E3A4C82AEA2B1400175230 /* DataStructureAndAlgorithms.h */ = {isa = PBXFileReference; lastKnownFileType = sourcecode.c.h; path = DataStructureAndAlgorithms.h; sourceTree = "<group>"; };
		C4E3A4C92AEA2B1400175230 /* DataStructureAndAlgorithms.docc */ = {isa = PBXFileReference; lastKnownFileType = folder.documentationcatalog; path = DataStructureAndAlgorithms.docc; sourceTree = "<group>"; };
		C4E3A4CF2AEA2B1500175230 /* DataStructureAndAlgorithmsTests.xctest */ = {isa = PBXFileReference; explicitFileType = wrapper.cfbundle; includeInIndex = 0; path = DataStructureAndAlgorithmsTests.xctest; sourceTree = BUILT_PRODUCTS_DIR; };
		C4E3A4D42AEA2B1500175230 /* DataStructureAndAlgorithmsTests.swift */ = {isa = PBXFileReference; lastKnownFileType = sourcecode.swift; path = DataStructureAndAlgorithmsTests.swift; sourceTree = "<group>"; };
		C4E3A4DF2AEA2B4B00175230 /* Stack.swift */ = {isa = PBXFileReference; lastKnownFileType = sourcecode.swift; path = Stack.swift; sourceTree = "<group>"; };
		C4E3A4E12AEAB9B300175230 /* StackTests.swift */ = {isa = PBXFileReference; lastKnownFileType = sourcecode.swift; path = StackTests.swift; sourceTree = "<group>"; };
		C4E3A4E32AEAD65700175230 /* ChallengeTests.swift */ = {isa = PBXFileReference; lastKnownFileType = sourcecode.swift; path = ChallengeTests.swift; sourceTree = "<group>"; };
		C4EA94182AEE13700093D775 /* Queue.swift */ = {isa = PBXFileReference; lastKnownFileType = sourcecode.swift; path = Queue.swift; sourceTree = "<group>"; };
		C4EA941A2AEE1DD70093D775 /* QueueTests.swift */ = {isa = PBXFileReference; lastKnownFileType = sourcecode.swift; path = QueueTests.swift; sourceTree = "<group>"; };
/* End PBXFileReference section */

/* Begin PBXFrameworksBuildPhase section */
		C4E3A4C22AEA2B1400175230 /* Frameworks */ = {
			isa = PBXFrameworksBuildPhase;
			buildActionMask = 2147483647;
			files = (
			);
			runOnlyForDeploymentPostprocessing = 0;
		};
		C4E3A4CC2AEA2B1500175230 /* Frameworks */ = {
			isa = PBXFrameworksBuildPhase;
			buildActionMask = 2147483647;
			files = (
				C4E3A4D02AEA2B1500175230 /* DataStructureAndAlgorithms.framework in Frameworks */,
			);
			runOnlyForDeploymentPostprocessing = 0;
		};
/* End PBXFrameworksBuildPhase section */

/* Begin PBXGroup section */
		96579DBA2B1E211D00564527 /* Stack */ = {
			isa = PBXGroup;
			children = (
				C4E3A4DF2AEA2B4B00175230 /* Stack.swift */,
			);
			path = Stack;
			sourceTree = "<group>";
		};
		96579DBB2B1E212700564527 /* Queue */ = {
			isa = PBXGroup;
			children = (
				C4EA94182AEE13700093D775 /* Queue.swift */,
				C4DF2C612AEE2D96008B2EA9 /* QueueStack.swift */,
			);
			path = Queue;
			sourceTree = "<group>";
		};
		96579DBC2B1E213300564527 /* Sort */ = {
			isa = PBXGroup;
			children = (
				96579DBD2B1E214300564527 /* BubbleSort.swift */,
				96579DBF2B1E215000564527 /* SelectionSort.swift */,
				96579DC12B1E215B00564527 /* InsertionSort.swift */,
			);
			path = Sort;
			sourceTree = "<group>";
		};
		96579DC32B1E226400564527 /* Sort */ = {
			isa = PBXGroup;
			children = (
				96579DC42B1E227A00564527 /* BubbleSortTests.swift */,
			);
			path = Sort;
			sourceTree = "<group>";
		};
		C4E3A4BB2AEA2B1400175230 = {
			isa = PBXGroup;
			children = (
				C4E3A4C72AEA2B1400175230 /* DataStructureAndAlgorithms */,
				C4E3A4D32AEA2B1500175230 /* DataStructureAndAlgorithmsTests */,
				C4E3A4C62AEA2B1400175230 /* Products */,
			);
			sourceTree = "<group>";
		};
		C4E3A4C62AEA2B1400175230 /* Products */ = {
			isa = PBXGroup;
			children = (
				C4E3A4C52AEA2B1400175230 /* DataStructureAndAlgorithms.framework */,
				C4E3A4CF2AEA2B1500175230 /* DataStructureAndAlgorithmsTests.xctest */,
			);
			name = Products;
			sourceTree = "<group>";
		};
		C4E3A4C72AEA2B1400175230 /* DataStructureAndAlgorithms */ = {
			isa = PBXGroup;
			children = (
				96579DBC2B1E213300564527 /* Sort */,
				96579DBB2B1E212700564527 /* Queue */,
				96579DBA2B1E211D00564527 /* Stack */,
				C4E3A4C82AEA2B1400175230 /* DataStructureAndAlgorithms.h */,
				C4E3A4C92AEA2B1400175230 /* DataStructureAndAlgorithms.docc */,
			);
			path = DataStructureAndAlgorithms;
			sourceTree = "<group>";
		};
		C4E3A4D32AEA2B1500175230 /* DataStructureAndAlgorithmsTests */ = {
			isa = PBXGroup;
			children = (
				96579DC32B1E226400564527 /* Sort */,
				C4E3A4D42AEA2B1500175230 /* DataStructureAndAlgorithmsTests.swift */,
				C4E3A4E12AEAB9B300175230 /* StackTests.swift */,
				C4E3A4E32AEAD65700175230 /* ChallengeTests.swift */,
				C4EA941A2AEE1DD70093D775 /* QueueTests.swift */,
			);
			path = DataStructureAndAlgorithmsTests;
			sourceTree = "<group>";
		};
/* End PBXGroup section */

/* Begin PBXHeadersBuildPhase section */
		C4E3A4C02AEA2B1400175230 /* Headers */ = {
			isa = PBXHeadersBuildPhase;
			buildActionMask = 2147483647;
			files = (
				C4E3A4D62AEA2B1500175230 /* DataStructureAndAlgorithms.h in Headers */,
			);
			runOnlyForDeploymentPostprocessing = 0;
		};
/* End PBXHeadersBuildPhase section */

/* Begin PBXNativeTarget section */
		C4E3A4C42AEA2B1400175230 /* DataStructureAndAlgorithms */ = {
			isa = PBXNativeTarget;
			buildConfigurationList = C4E3A4D92AEA2B1500175230 /* Build configuration list for PBXNativeTarget "DataStructureAndAlgorithms" */;
			buildPhases = (
				C4E3A4C02AEA2B1400175230 /* Headers */,
				C4E3A4C12AEA2B1400175230 /* Sources */,
				C4E3A4C22AEA2B1400175230 /* Frameworks */,
				C4E3A4C32AEA2B1400175230 /* Resources */,
			);
			buildRules = (
			);
			dependencies = (
			);
			name = DataStructureAndAlgorithms;
			productName = DataStructureAndAlgorithms;
			productReference = C4E3A4C52AEA2B1400175230 /* DataStructureAndAlgorithms.framework */;
			productType = "com.apple.product-type.framework";
		};
		C4E3A4CE2AEA2B1500175230 /* DataStructureAndAlgorithmsTests */ = {
			isa = PBXNativeTarget;
			buildConfigurationList = C4E3A4DC2AEA2B1500175230 /* Build configuration list for PBXNativeTarget "DataStructureAndAlgorithmsTests" */;
			buildPhases = (
				C4E3A4CB2AEA2B1500175230 /* Sources */,
				C4E3A4CC2AEA2B1500175230 /* Frameworks */,
				C4E3A4CD2AEA2B1500175230 /* Resources */,
			);
			buildRules = (
			);
			dependencies = (
				C4E3A4D22AEA2B1500175230 /* PBXTargetDependency */,
			);
			name = DataStructureAndAlgorithmsTests;
			productName = DataStructureAndAlgorithmsTests;
			productReference = C4E3A4CF2AEA2B1500175230 /* DataStructureAndAlgorithmsTests.xctest */;
			productType = "com.apple.product-type.bundle.unit-test";
		};
/* End PBXNativeTarget section */

/* Begin PBXProject section */
		C4E3A4BC2AEA2B1400175230 /* Project object */ = {
			isa = PBXProject;
			attributes = {
				BuildIndependentTargetsInParallel = 1;
				LastSwiftUpdateCheck = 1500;
				LastUpgradeCheck = 1500;
				TargetAttributes = {
					C4E3A4C42AEA2B1400175230 = {
						CreatedOnToolsVersion = 15.0;
					};
					C4E3A4CE2AEA2B1500175230 = {
						CreatedOnToolsVersion = 15.0;
					};
				};
			};
			buildConfigurationList = C4E3A4BF2AEA2B1400175230 /* Build configuration list for PBXProject "DataStructureAndAlgorithms" */;
			compatibilityVersion = "Xcode 14.0";
			developmentRegion = en;
			hasScannedForEncodings = 0;
			knownRegions = (
				en,
				Base,
			);
			mainGroup = C4E3A4BB2AEA2B1400175230;
			productRefGroup = C4E3A4C62AEA2B1400175230 /* Products */;
			projectDirPath = "";
			projectRoot = "";
			targets = (
				C4E3A4C42AEA2B1400175230 /* DataStructureAndAlgorithms */,
				C4E3A4CE2AEA2B1500175230 /* DataStructureAndAlgorithmsTests */,
			);
		};
/* End PBXProject section */

/* Begin PBXResourcesBuildPhase section */
		C4E3A4C32AEA2B1400175230 /* Resources */ = {
			isa = PBXResourcesBuildPhase;
			buildActionMask = 2147483647;
			files = (
			);
			runOnlyForDeploymentPostprocessing = 0;
		};
		C4E3A4CD2AEA2B1500175230 /* Resources */ = {
			isa = PBXResourcesBuildPhase;
			buildActionMask = 2147483647;
			files = (
			);
			runOnlyForDeploymentPostprocessing = 0;
		};
/* End PBXResourcesBuildPhase section */

/* Begin PBXSourcesBuildPhase section */
		C4E3A4C12AEA2B1400175230 /* Sources */ = {
			isa = PBXSourcesBuildPhase;
			buildActionMask = 2147483647;
			files = (
				C4E3A4E02AEA2B4B00175230 /* Stack.swift in Sources */,
				C4EA94192AEE13700093D775 /* Queue.swift in Sources */,
				96579DBE2B1E214300564527 /* BubbleSort.swift in Sources */,
				96579DC22B1E215B00564527 /* InsertionSort.swift in Sources */,
				C4DF2C622AEE2D96008B2EA9 /* QueueStack.swift in Sources */,
				96579DC02B1E215000564527 /* SelectionSort.swift in Sources */,
				C4E3A4CA2AEA2B1400175230 /* DataStructureAndAlgorithms.docc in Sources */,
			);
			runOnlyForDeploymentPostprocessing = 0;
		};
		C4E3A4CB2AEA2B1500175230 /* Sources */ = {
			isa = PBXSourcesBuildPhase;
			buildActionMask = 2147483647;
			files = (
				C4E3A4E22AEAB9B300175230 /* StackTests.swift in Sources */,
				C4E3A4D52AEA2B1500175230 /* DataStructureAndAlgorithmsTests.swift in Sources */,
				C4E3A4E42AEAD65700175230 /* ChallengeTests.swift in Sources */,
				96579DC52B1E227A00564527 /* BubbleSortTests.swift in Sources */,
				C4EA941B2AEE1DD70093D775 /* QueueTests.swift in Sources */,
			);
			runOnlyForDeploymentPostprocessing = 0;
		};
/* End PBXSourcesBuildPhase section */

/* Begin PBXTargetDependency section */
		C4E3A4D22AEA2B1500175230 /* PBXTargetDependency */ = {
			isa = PBXTargetDependency;
			target = C4E3A4C42AEA2B1400175230 /* DataStructureAndAlgorithms */;
			targetProxy = C4E3A4D12AEA2B1500175230 /* PBXContainerItemProxy */;
		};
/* End PBXTargetDependency section */

/* Begin XCBuildConfiguration section */
		C4E3A4D72AEA2B1500175230 /* Debug */ = {
			isa = XCBuildConfiguration;
			buildSettings = {
				ALWAYS_SEARCH_USER_PATHS = NO;
				ASSETCATALOG_COMPILER_GENERATE_SWIFT_ASSET_SYMBOL_EXTENSIONS = YES;
				CLANG_ANALYZER_NONNULL = YES;
				CLANG_ANALYZER_NUMBER_OBJECT_CONVERSION = YES_AGGRESSIVE;
				CLANG_CXX_LANGUAGE_STANDARD = "gnu++20";
				CLANG_ENABLE_MODULES = YES;
				CLANG_ENABLE_OBJC_ARC = YES;
				CLANG_ENABLE_OBJC_WEAK = YES;
				CLANG_WARN_BLOCK_CAPTURE_AUTORELEASING = YES;
				CLANG_WARN_BOOL_CONVERSION = YES;
				CLANG_WARN_COMMA = YES;
				CLANG_WARN_CONSTANT_CONVERSION = YES;
				CLANG_WARN_DEPRECATED_OBJC_IMPLEMENTATIONS = YES;
				CLANG_WARN_DIRECT_OBJC_ISA_USAGE = YES_ERROR;
				CLANG_WARN_DOCUMENTATION_COMMENTS = YES;
				CLANG_WARN_EMPTY_BODY = YES;
				CLANG_WARN_ENUM_CONVERSION = YES;
				CLANG_WARN_INFINITE_RECURSION = YES;
				CLANG_WARN_INT_CONVERSION = YES;
				CLANG_WARN_NON_LITERAL_NULL_CONVERSION = YES;
				CLANG_WARN_OBJC_IMPLICIT_RETAIN_SELF = YES;
				CLANG_WARN_OBJC_LITERAL_CONVERSION = YES;
				CLANG_WARN_OBJC_ROOT_CLASS = YES_ERROR;
				CLANG_WARN_QUOTED_INCLUDE_IN_FRAMEWORK_HEADER = YES;
				CLANG_WARN_RANGE_LOOP_ANALYSIS = YES;
				CLANG_WARN_STRICT_PROTOTYPES = YES;
				CLANG_WARN_SUSPICIOUS_MOVE = YES;
				CLANG_WARN_UNGUARDED_AVAILABILITY = YES_AGGRESSIVE;
				CLANG_WARN_UNREACHABLE_CODE = YES;
				CLANG_WARN__DUPLICATE_METHOD_MATCH = YES;
				COPY_PHASE_STRIP = NO;
				CURRENT_PROJECT_VERSION = 1;
				DEBUG_INFORMATION_FORMAT = dwarf;
				ENABLE_STRICT_OBJC_MSGSEND = YES;
				ENABLE_TESTABILITY = YES;
				ENABLE_USER_SCRIPT_SANDBOXING = YES;
				GCC_C_LANGUAGE_STANDARD = gnu17;
				GCC_DYNAMIC_NO_PIC = NO;
				GCC_NO_COMMON_BLOCKS = YES;
				GCC_OPTIMIZATION_LEVEL = 0;
				GCC_PREPROCESSOR_DEFINITIONS = (
					"DEBUG=1",
					"$(inherited)",
				);
				GCC_WARN_64_TO_32_BIT_CONVERSION = YES;
				GCC_WARN_ABOUT_RETURN_TYPE = YES_ERROR;
				GCC_WARN_UNDECLARED_SELECTOR = YES;
				GCC_WARN_UNINITIALIZED_AUTOS = YES_AGGRESSIVE;
				GCC_WARN_UNUSED_FUNCTION = YES;
				GCC_WARN_UNUSED_VARIABLE = YES;
				LOCALIZATION_PREFERS_STRING_CATALOGS = YES;
				MTL_ENABLE_DEBUG_INFO = INCLUDE_SOURCE;
				MTL_FAST_MATH = YES;
				ONLY_ACTIVE_ARCH = YES;
				SWIFT_ACTIVE_COMPILATION_CONDITIONS = "DEBUG $(inherited)";
				SWIFT_OPTIMIZATION_LEVEL = "-Onone";
				VERSIONING_SYSTEM = "apple-generic";
				VERSION_INFO_PREFIX = "";
			};
			name = Debug;
		};
		C4E3A4D82AEA2B1500175230 /* Release */ = {
			isa = XCBuildConfiguration;
			buildSettings = {
				ALWAYS_SEARCH_USER_PATHS = NO;
				ASSETCATALOG_COMPILER_GENERATE_SWIFT_ASSET_SYMBOL_EXTENSIONS = YES;
				CLANG_ANALYZER_NONNULL = YES;
				CLANG_ANALYZER_NUMBER_OBJECT_CONVERSION = YES_AGGRESSIVE;
				CLANG_CXX_LANGUAGE_STANDARD = "gnu++20";
				CLANG_ENABLE_MODULES = YES;
				CLANG_ENABLE_OBJC_ARC = YES;
				CLANG_ENABLE_OBJC_WEAK = YES;
				CLANG_WARN_BLOCK_CAPTURE_AUTORELEASING = YES;
				CLANG_WARN_BOOL_CONVERSION = YES;
				CLANG_WARN_COMMA = YES;
				CLANG_WARN_CONSTANT_CONVERSION = YES;
				CLANG_WARN_DEPRECATED_OBJC_IMPLEMENTATIONS = YES;
				CLANG_WARN_DIRECT_OBJC_ISA_USAGE = YES_ERROR;
				CLANG_WARN_DOCUMENTATION_COMMENTS = YES;
				CLANG_WARN_EMPTY_BODY = YES;
				CLANG_WARN_ENUM_CONVERSION = YES;
				CLANG_WARN_INFINITE_RECURSION = YES;
				CLANG_WARN_INT_CONVERSION = YES;
				CLANG_WARN_NON_LITERAL_NULL_CONVERSION = YES;
				CLANG_WARN_OBJC_IMPLICIT_RETAIN_SELF = YES;
				CLANG_WARN_OBJC_LITERAL_CONVERSION = YES;
				CLANG_WARN_OBJC_ROOT_CLASS = YES_ERROR;
				CLANG_WARN_QUOTED_INCLUDE_IN_FRAMEWORK_HEADER = YES;
				CLANG_WARN_RANGE_LOOP_ANALYSIS = YES;
				CLANG_WARN_STRICT_PROTOTYPES = YES;
				CLANG_WARN_SUSPICIOUS_MOVE = YES;
				CLANG_WARN_UNGUARDED_AVAILABILITY = YES_AGGRESSIVE;
				CLANG_WARN_UNREACHABLE_CODE = YES;
				CLANG_WARN__DUPLICATE_METHOD_MATCH = YES;
				COPY_PHASE_STRIP = NO;
				CURRENT_PROJECT_VERSION = 1;
				DEBUG_INFORMATION_FORMAT = "dwarf-with-dsym";
				ENABLE_NS_ASSERTIONS = NO;
				ENABLE_STRICT_OBJC_MSGSEND = YES;
				ENABLE_USER_SCRIPT_SANDBOXING = YES;
				GCC_C_LANGUAGE_STANDARD = gnu17;
				GCC_NO_COMMON_BLOCKS = YES;
				GCC_WARN_64_TO_32_BIT_CONVERSION = YES;
				GCC_WARN_ABOUT_RETURN_TYPE = YES_ERROR;
				GCC_WARN_UNDECLARED_SELECTOR = YES;
				GCC_WARN_UNINITIALIZED_AUTOS = YES_AGGRESSIVE;
				GCC_WARN_UNUSED_FUNCTION = YES;
				GCC_WARN_UNUSED_VARIABLE = YES;
				LOCALIZATION_PREFERS_STRING_CATALOGS = YES;
				MTL_ENABLE_DEBUG_INFO = NO;
				MTL_FAST_MATH = YES;
				SWIFT_COMPILATION_MODE = wholemodule;
				VERSIONING_SYSTEM = "apple-generic";
				VERSION_INFO_PREFIX = "";
			};
			name = Release;
		};
		C4E3A4DA2AEA2B1500175230 /* Debug */ = {
			isa = XCBuildConfiguration;
			buildSettings = {
				CODE_SIGN_STYLE = Automatic;
				CURRENT_PROJECT_VERSION = 1;
				DEFINES_MODULE = YES;
				DEVELOPMENT_TEAM = 73A3QCVC2H;
				DYLIB_COMPATIBILITY_VERSION = 1;
				DYLIB_CURRENT_VERSION = 1;
				DYLIB_INSTALL_NAME_BASE = "@rpath";
				ENABLE_MODULE_VERIFIER = YES;
				GENERATE_INFOPLIST_FILE = YES;
				INFOPLIST_KEY_NSHumanReadableCopyright = "";
				INSTALL_PATH = "$(LOCAL_LIBRARY_DIR)/Frameworks";
				IPHONEOS_DEPLOYMENT_TARGET = 17.0;
				LD_RUNPATH_SEARCH_PATHS = (
					"@executable_path/Frameworks",
					"@loader_path/Frameworks",
				);
				"LD_RUNPATH_SEARCH_PATHS[sdk=macosx*]" = (
					"@executable_path/../Frameworks",
					"@loader_path/Frameworks",
				);
				MACOSX_DEPLOYMENT_TARGET = 14.0;
				MARKETING_VERSION = 1.0;
				MODULE_VERIFIER_SUPPORTED_LANGUAGES = "objective-c objective-c++";
				MODULE_VERIFIER_SUPPORTED_LANGUAGE_STANDARDS = "gnu17 gnu++20";
				PRODUCT_BUNDLE_IDENTIFIER = com.quimalabs.DataStructureAndAlgorithms;
				PRODUCT_NAME = "$(TARGET_NAME:c99extidentifier)";
				SDKROOT = auto;
				SKIP_INSTALL = YES;
				SUPPORTED_PLATFORMS = "iphoneos iphonesimulator macosx";
				SWIFT_EMIT_LOC_STRINGS = YES;
				SWIFT_VERSION = 5.0;
				TARGETED_DEVICE_FAMILY = "1,2";
			};
			name = Debug;
		};
		C4E3A4DB2AEA2B1500175230 /* Release */ = {
			isa = XCBuildConfiguration;
			buildSettings = {
				CODE_SIGN_STYLE = Automatic;
				CURRENT_PROJECT_VERSION = 1;
				DEFINES_MODULE = YES;
				DEVELOPMENT_TEAM = 73A3QCVC2H;
				DYLIB_COMPATIBILITY_VERSION = 1;
				DYLIB_CURRENT_VERSION = 1;
				DYLIB_INSTALL_NAME_BASE = "@rpath";
				ENABLE_MODULE_VERIFIER = YES;
				GENERATE_INFOPLIST_FILE = YES;
				INFOPLIST_KEY_NSHumanReadableCopyright = "";
				INSTALL_PATH = "$(LOCAL_LIBRARY_DIR)/Frameworks";
				IPHONEOS_DEPLOYMENT_TARGET = 17.0;
				LD_RUNPATH_SEARCH_PATHS = (
					"@executable_path/Frameworks",
					"@loader_path/Frameworks",
				);
				"LD_RUNPATH_SEARCH_PATHS[sdk=macosx*]" = (
					"@executable_path/../Frameworks",
					"@loader_path/Frameworks",
				);
				MACOSX_DEPLOYMENT_TARGET = 14.0;
				MARKETING_VERSION = 1.0;
				MODULE_VERIFIER_SUPPORTED_LANGUAGES = "objective-c objective-c++";
				MODULE_VERIFIER_SUPPORTED_LANGUAGE_STANDARDS = "gnu17 gnu++20";
				PRODUCT_BUNDLE_IDENTIFIER = com.quimalabs.DataStructureAndAlgorithms;
				PRODUCT_NAME = "$(TARGET_NAME:c99extidentifier)";
				SDKROOT = auto;
				SKIP_INSTALL = YES;
				SUPPORTED_PLATFORMS = "iphoneos iphonesimulator macosx";
				SWIFT_EMIT_LOC_STRINGS = YES;
				SWIFT_VERSION = 5.0;
				TARGETED_DEVICE_FAMILY = "1,2";
			};
			name = Release;
		};
		C4E3A4DD2AEA2B1500175230 /* Debug */ = {
			isa = XCBuildConfiguration;
			buildSettings = {
				ALWAYS_EMBED_SWIFT_STANDARD_LIBRARIES = YES;
				CODE_SIGN_STYLE = Automatic;
				CURRENT_PROJECT_VERSION = 1;
				DEVELOPMENT_TEAM = 73A3QCVC2H;
				GENERATE_INFOPLIST_FILE = YES;
				IPHONEOS_DEPLOYMENT_TARGET = 17.0;
				MACOSX_DEPLOYMENT_TARGET = 14.0;
				MARKETING_VERSION = 1.0;
				PRODUCT_BUNDLE_IDENTIFIER = com.quimalabs.DataStructureAndAlgorithmsTests;
				PRODUCT_NAME = "$(TARGET_NAME)";
				SDKROOT = auto;
				SUPPORTED_PLATFORMS = "iphoneos iphonesimulator macosx";
				SWIFT_EMIT_LOC_STRINGS = NO;
				SWIFT_VERSION = 5.0;
				TARGETED_DEVICE_FAMILY = "1,2";
			};
			name = Debug;
		};
		C4E3A4DE2AEA2B1500175230 /* Release */ = {
			isa = XCBuildConfiguration;
			buildSettings = {
				ALWAYS_EMBED_SWIFT_STANDARD_LIBRARIES = YES;
				CODE_SIGN_STYLE = Automatic;
				CURRENT_PROJECT_VERSION = 1;
				DEVELOPMENT_TEAM = 73A3QCVC2H;
				GENERATE_INFOPLIST_FILE = YES;
				IPHONEOS_DEPLOYMENT_TARGET = 17.0;
				MACOSX_DEPLOYMENT_TARGET = 14.0;
				MARKETING_VERSION = 1.0;
				PRODUCT_BUNDLE_IDENTIFIER = com.quimalabs.DataStructureAndAlgorithmsTests;
				PRODUCT_NAME = "$(TARGET_NAME)";
				SDKROOT = auto;
				SUPPORTED_PLATFORMS = "iphoneos iphonesimulator macosx";
				SWIFT_EMIT_LOC_STRINGS = NO;
				SWIFT_VERSION = 5.0;
				TARGETED_DEVICE_FAMILY = "1,2";
			};
			name = Release;
		};
/* End XCBuildConfiguration section */

/* Begin XCConfigurationList section */
		C4E3A4BF2AEA2B1400175230 /* Build configuration list for PBXProject "DataStructureAndAlgorithms" */ = {
			isa = XCConfigurationList;
			buildConfigurations = (
				C4E3A4D72AEA2B1500175230 /* Debug */,
				C4E3A4D82AEA2B1500175230 /* Release */,
			);
			defaultConfigurationIsVisible = 0;
			defaultConfigurationName = Release;
		};
		C4E3A4D92AEA2B1500175230 /* Build configuration list for PBXNativeTarget "DataStructureAndAlgorithms" */ = {
			isa = XCConfigurationList;
			buildConfigurations = (
				C4E3A4DA2AEA2B1500175230 /* Debug */,
				C4E3A4DB2AEA2B1500175230 /* Release */,
			);
			defaultConfigurationIsVisible = 0;
			defaultConfigurationName = Release;
		};
		C4E3A4DC2AEA2B1500175230 /* Build configuration list for PBXNativeTarget "DataStructureAndAlgorithmsTests" */ = {
			isa = XCConfigurationList;
			buildConfigurations = (
				C4E3A4DD2AEA2B1500175230 /* Debug */,
				C4E3A4DE2AEA2B1500175230 /* Release */,
			);
			defaultConfigurationIsVisible = 0;
			defaultConfigurationName = Release;
		};
/* End XCConfigurationList section */
	};
	rootObject = C4E3A4BC2AEA2B1400175230 /* Project object */;
}
